{
  "pins" : [
    {
      "identity" : "adiscope-ios-pangle",
      "kind" : "remoteSourceControl",
      "location" : "https://github.com/adiscope/Adiscope-iOS-Pangle.git",
      "state" : {
        "revision" : "d7672d6aabe5c195d6f6cd10847e3e1021e4aa74",
        "version" : "5.4.0"
      }
    },
    {
      "identity" : "applovin-max-swift-package",
      "kind" : "remoteSourceControl",
      "location" : "https://github.com/AppLovin/AppLovin-MAX-Swift-Package.git",
      "state" : {
        "revision" : "d829feb5b7de8755e9a1834c2e1e0b95c9126424",
        "version" : "13.6.2"
      }
    }
  ],
  "version" : 2
}
